
Microsoft Visual Studio Solution File, Format Version 12.00
# Visual Studio Version 17
VisualStudioVersion = 17.5.002.0
MinimumVisualStudioVersion = 10.0.40219.1
Project("{9A19103F-16F7-4668-BE54-9A1E7A4F7556}") = "email-services", "email-services.csproj", "{24A45620-3EB3-45FF-BFE0-2A804F3060F6}"
EndProject
Global
	GlobalSection(SolutionConfigurationPlatforms) = preSolution
		Debug|Any CPU = Debug|Any CPU
		Release|Any CPU = Release|Any CPU
	EndGlobalSection
	GlobalSection(ProjectConfigurationPlatforms) = postSolution
		{24A45620-3EB3-45FF-BFE0-2A804F3060F6}.Debug|Any CPU.ActiveCfg = Debug|Any CPU
		{24A45620-3EB3-45FF-BFE0-2A804F3060F6}.Debug|Any CPU.Build.0 = Debug|Any CPU
		{24A45620-3EB3-45FF-BFE0-2A804F3060F6}.Release|Any CPU.ActiveCfg = Release|Any CPU
		{24A45620-3EB3-45FF-BFE0-2A804F3060F6}.Release|Any CPU.Build.0 = Release|Any CPU
	EndGlobalSection
	GlobalSection(SolutionProperties) = preSolution
		HideSolutionNode = FALSE
	EndGlobalSection
	GlobalSection(ExtensibilityGlobals) = postSolution
		SolutionGuid = {9F95526A-C396-436B-8071-79E6582051C4}
	EndGlobalSection
EndGlobal
